# This file was autogenerated by Stack.
# You should not edit this file by hand.
# For more information, please see the documentation at:
#   https://docs.haskellstack.org/en/stable/lock_files

packages:
- completed:
    hackage: pipes-ordered-zip-1.0.1@sha256:25d60c464bd299751a03f283e4488d3cfa725133248a53b78ac40f285f4a8533,1204
    pantry-tree:
      size: 386
      sha256: 4bdbd0fba82452438a9daad6bfd3401bacce1297421d71bd1c7798dce126098b
  original:
    hackage: pipes-ordered-zip-1.0.1
- completed:
    hackage: sequence-formats-1.4.0@sha256:7ce857a0fd15d0d6843049a2a761bb91a827e8926e7f42f0d8f79660d05959a9,2217
    pantry-tree:
      size: 1806
      sha256: 484e6ccf145508a5088101ff687a69621be15dbce6d9fd4693b3598d60cb1939
  original:
    hackage: sequence-formats-1.4.0
snapshots:
- completed:
    size: 523448
    url: https://raw.githubusercontent.com/commercialhaskell/stackage-snapshots/master/lts/14/1.yaml
    sha256: 0045b9bae36c3bb2dd374c29b586389845af1557eea0423958d152fc500d4fbf
  original: lts-14.1
